
Microsoft Visual Studio Solution File, Format Version 12.00
# Visual Studio Version 16
VisualStudioVersion = 16.0.31624.102
MinimumVisualStudioVersion = 10.0.40219.1
Project("{FAE04EC0-301F-11D3-BF4B-00C04F79EFBC}") = "BitOperatorTest", "BitOperatorTest.csproj", "{38D02055-D6BC-4438-9C9B-B1DA3F33B691}"
EndProject
Global
	GlobalSection(SolutionConfigurationPlatforms) = preSolution
		Debug|Any CPU = Debug|Any CPU
		Release|Any CPU = Release|Any CPU
	EndGlobalSection
	GlobalSection(ProjectConfigurationPlatforms) = postSolution
		{38D02055-D6BC-4438-9C9B-B1DA3F33B691}.Debug|Any CPU.ActiveCfg = Debug|Any CPU
		{38D02055-D6BC-4438-9C9B-B1DA3F33B691}.Debug|Any CPU.Build.0 = Debug|Any CPU
		{38D02055-D6BC-4438-9C9B-B1DA3F33B691}.Release|Any CPU.ActiveCfg = Release|Any CPU
		{38D02055-D6BC-4438-9C9B-B1DA3F33B691}.Release|Any CPU.Build.0 = Release|Any CPU
	EndGlobalSection
	GlobalSection(SolutionProperties) = preSolution
		HideSolutionNode = FALSE
	EndGlobalSection
	GlobalSection(ExtensibilityGlobals) = postSolution
		SolutionGuid = {5DA2DE91-3E2E-4EBA-A546-8C620ED66076}
	EndGlobalSection
EndGlobal
